
Microsoft Visual Studio Solution File, Format Version 12.00
# Visual Studio Version 17
VisualStudioVersion = 17.4.33213.308
MinimumVisualStudioVersion = 10.0.40219.1
Project("{9A19103F-16F7-4668-BE54-9A1E7A4F7556}") = "ChallengeAppMarta", "ChallengeAppMarta\ChallengeAppMarta.csproj", "{23AA9FCC-701D-4418-BBBD-55B93BBD844A}"
EndProject
Project("{FAE04EC0-301F-11D3-BF4B-00C04F79EFBC}") = "ChallengeAppMarta.Tests", "ChallengeAppMarta.Tests\ChallengeAppMarta.Tests.csproj", "{154E401E-58BB-4626-A1A9-CE66606C6E48}"
EndProject
Global
	GlobalSection(SolutionConfigurationPlatforms) = preSolution
		Debug|Any CPU = Debug|Any CPU
		Release|Any CPU = Release|Any CPU
	EndGlobalSection
	GlobalSection(ProjectConfigurationPlatforms) = postSolution
		{23AA9FCC-701D-4418-BBBD-55B93BBD844A}.Debug|Any CPU.ActiveCfg = Debug|Any CPU
		{23AA9FCC-701D-4418-BBBD-55B93BBD844A}.Debug|Any CPU.Build.0 = Debug|Any CPU
		{23AA9FCC-701D-4418-BBBD-55B93BBD844A}.Release|Any CPU.ActiveCfg = Release|Any CPU
		{23AA9FCC-701D-4418-BBBD-55B93BBD844A}.Release|Any CPU.Build.0 = Release|Any CPU
		{154E401E-58BB-4626-A1A9-CE66606C6E48}.Debug|Any CPU.ActiveCfg = Debug|Any CPU
		{154E401E-58BB-4626-A1A9-CE66606C6E48}.Debug|Any CPU.Build.0 = Debug|Any CPU
		{154E401E-58BB-4626-A1A9-CE66606C6E48}.Release|Any CPU.ActiveCfg = Release|Any CPU
		{154E401E-58BB-4626-A1A9-CE66606C6E48}.Release|Any CPU.Build.0 = Release|Any CPU
	EndGlobalSection
	GlobalSection(SolutionProperties) = preSolution
		HideSolutionNode = FALSE
	EndGlobalSection
	GlobalSection(ExtensibilityGlobals) = postSolution
		SolutionGuid = {357455F5-5AE9-4567-9DDA-A5C8A8175164}
	EndGlobalSection
EndGlobal
